
Microsoft Visual Studio Solution File, Format Version 12.00
# Visual Studio Version 16
VisualStudioVersion = 16.0.31410.357
MinimumVisualStudioVersion = 10.0.40219.1
Project("{FAE04EC0-301F-11D3-BF4B-00C04F79EFBC}") = "samplehost", "samplehost\samplehost.csproj", "{B3345B53-4659-41FA-AE6D-35D97B363B07}"
EndProject
Global
	GlobalSection(SolutionConfigurationPlatforms) = preSolution
		Debug|Any CPU = Debug|Any CPU
		Release|Any CPU = Release|Any CPU
	EndGlobalSection
	GlobalSection(ProjectConfigurationPlatforms) = postSolution
		{B3345B53-4659-41FA-AE6D-35D97B363B07}.Debug|Any CPU.ActiveCfg = Debug|Any CPU
		{B3345B53-4659-41FA-AE6D-35D97B363B07}.Debug|Any CPU.Build.0 = Debug|Any CPU
		{B3345B53-4659-41FA-AE6D-35D97B363B07}.Release|Any CPU.ActiveCfg = Release|Any CPU
		{B3345B53-4659-41FA-AE6D-35D97B363B07}.Release|Any CPU.Build.0 = Release|Any CPU
	EndGlobalSection
	GlobalSection(SolutionProperties) = preSolution
		HideSolutionNode = FALSE
	EndGlobalSection
	GlobalSection(ExtensibilityGlobals) = postSolution
		SolutionGuid = {C4DE99E2-2AAD-43E3-8A39-482BF9B0694E}
	EndGlobalSection
EndGlobal
